
Microsoft Visual Studio Solution File, Format Version 12.00
# Visual Studio Version 16
VisualStudioVersion = 16.0.30128.74
MinimumVisualStudioVersion = 10.0.40219.1
Project("{8BC9CEB8-8B4A-11D0-8D11-00A0C91BC942}") = "glfw_test", "glfw_test\glfw_test.vcxproj", "{7F360454-36BD-491B-A7CB-9F83D15B5D73}"
EndProject
Global
	GlobalSection(SolutionConfigurationPlatforms) = preSolution
		Debug|x64 = Debug|x64
		Debug|x86 = Debug|x86
		Release|x64 = Release|x64
		Release|x86 = Release|x86
	EndGlobalSection
	GlobalSection(ProjectConfigurationPlatforms) = postSolution
		{7F360454-36BD-491B-A7CB-9F83D15B5D73}.Debug|x64.ActiveCfg = Debug|x64
		{7F360454-36BD-491B-A7CB-9F83D15B5D73}.Debug|x64.Build.0 = Debug|x64
		{7F360454-36BD-491B-A7CB-9F83D15B5D73}.Debug|x86.ActiveCfg = Debug|Win32
		{7F360454-36BD-491B-A7CB-9F83D15B5D73}.Debug|x86.Build.0 = Debug|Win32
		{7F360454-36BD-491B-A7CB-9F83D15B5D73}.Release|x64.ActiveCfg = Release|x64
		{7F360454-36BD-491B-A7CB-9F83D15B5D73}.Release|x64.Build.0 = Release|x64
		{7F360454-36BD-491B-A7CB-9F83D15B5D73}.Release|x86.ActiveCfg = Release|Win32
		{7F360454-36BD-491B-A7CB-9F83D15B5D73}.Release|x86.Build.0 = Release|Win32
	EndGlobalSection
	GlobalSection(SolutionProperties) = preSolution
		HideSolutionNode = FALSE
	EndGlobalSection
	GlobalSection(ExtensibilityGlobals) = postSolution
		SolutionGuid = {FF413F16-F28B-48CA-9328-7DD4C76CA957}
	EndGlobalSection
EndGlobal
